
Microsoft Visual Studio Solution File, Format Version 12.00
Project("{NegativeBlendshapes}") = "NegativeBlendshapes", "NegativeBlendshapes\NegativeBlendshapes.csproj", "{21BC2EAD-CF58-4686-8B57-92D59B11163E}"
EndProject
Global
	GlobalSection(SolutionConfigurationPlatforms) = preSolution
		Debug|Any CPU = Debug|Any CPU
		Release|Any CPU = Release|Any CPU
	EndGlobalSection
	GlobalSection(ProjectConfigurationPlatforms) = postSolution
		{21BC2EAD-CF58-4686-8B57-92D59B11163E}.Debug|Any CPU.ActiveCfg = Debug|Any CPU
		{21BC2EAD-CF58-4686-8B57-92D59B11163E}.Debug|Any CPU.Build.0 = Debug|Any CPU
		{21BC2EAD-CF58-4686-8B57-92D59B11163E}.Release|Any CPU.ActiveCfg = Release|Any CPU
		{21BC2EAD-CF58-4686-8B57-92D59B11163E}.Release|Any CPU.Build.0 = Release|Any CPU
	EndGlobalSection
EndGlobal
